
Microsoft Visual Studio Solution File, Format Version 12.00
Project("{FAE04EC0-301F-11D3-BF4B-00C04F79EFBC}") = "TotallyScans", "TotallyScans\TotallyScans.csproj", "{499F88DE-C934-441D-B057-F553F0C99480}"
EndProject
Global
	GlobalSection(SolutionConfigurationPlatforms) = preSolution
		Debug|Any CPU = Debug|Any CPU
		Release|Any CPU = Release|Any CPU
	EndGlobalSection
	GlobalSection(ProjectConfigurationPlatforms) = postSolution
		{499F88DE-C934-441D-B057-F553F0C99480}.Debug|Any CPU.ActiveCfg = Debug|Any CPU
		{499F88DE-C934-441D-B057-F553F0C99480}.Debug|Any CPU.Build.0 = Debug|Any CPU
		{499F88DE-C934-441D-B057-F553F0C99480}.Release|Any CPU.ActiveCfg = Release|Any CPU
		{499F88DE-C934-441D-B057-F553F0C99480}.Release|Any CPU.Build.0 = Release|Any CPU
	EndGlobalSection
EndGlobal
